
Microsoft Visual Studio Solution File, Format Version 12.00
# Visual Studio Version 17
VisualStudioVersion = 17.5.33516.290
MinimumVisualStudioVersion = 10.0.40219.1
Project("{FAE04EC0-301F-11D3-BF4B-00C04F79EFBC}") = "Presentations", "Presentations\Presentations.csproj", "{512F0522-84D4-420B-B258-324401A59F40}"
EndProject
Project("{FAE04EC0-301F-11D3-BF4B-00C04F79EFBC}") = "ADO.NET.Csv", "ADO.NET.Csv\ADO.NET.Csv.csproj", "{D9592290-4B9D-4039-A517-0CC349E4B214}"
EndProject
Project("{FAE04EC0-301F-11D3-BF4B-00C04F79EFBC}") = "ExceptionHandling", "ExceptionHandling\ExceptionHandling.csproj", "{EC8819F1-95F2-4131-AE54-88825F154E06}"
EndProject
Project("{FAE04EC0-301F-11D3-BF4B-00C04F79EFBC}") = "Middlewares", "Middlewares\Middlewares.csproj", "{F62BFF82-B1BE-437B-9328-62729E965DF6}"
EndProject
Global
	GlobalSection(SolutionConfigurationPlatforms) = preSolution
		Debug|Any CPU = Debug|Any CPU
		Release|Any CPU = Release|Any CPU
	EndGlobalSection
	GlobalSection(ProjectConfigurationPlatforms) = postSolution
		{512F0522-84D4-420B-B258-324401A59F40}.Debug|Any CPU.ActiveCfg = Debug|Any CPU
		{512F0522-84D4-420B-B258-324401A59F40}.Debug|Any CPU.Build.0 = Debug|Any CPU
		{512F0522-84D4-420B-B258-324401A59F40}.Release|Any CPU.ActiveCfg = Release|Any CPU
		{512F0522-84D4-420B-B258-324401A59F40}.Release|Any CPU.Build.0 = Release|Any CPU
		{D9592290-4B9D-4039-A517-0CC349E4B214}.Debug|Any CPU.ActiveCfg = Debug|Any CPU
		{D9592290-4B9D-4039-A517-0CC349E4B214}.Debug|Any CPU.Build.0 = Debug|Any CPU
		{D9592290-4B9D-4039-A517-0CC349E4B214}.Release|Any CPU.ActiveCfg = Release|Any CPU
		{D9592290-4B9D-4039-A517-0CC349E4B214}.Release|Any CPU.Build.0 = Release|Any CPU
		{EC8819F1-95F2-4131-AE54-88825F154E06}.Debug|Any CPU.ActiveCfg = Debug|Any CPU
		{EC8819F1-95F2-4131-AE54-88825F154E06}.Debug|Any CPU.Build.0 = Debug|Any CPU
		{EC8819F1-95F2-4131-AE54-88825F154E06}.Release|Any CPU.ActiveCfg = Release|Any CPU
		{EC8819F1-95F2-4131-AE54-88825F154E06}.Release|Any CPU.Build.0 = Release|Any CPU
		{F62BFF82-B1BE-437B-9328-62729E965DF6}.Debug|Any CPU.ActiveCfg = Debug|Any CPU
		{F62BFF82-B1BE-437B-9328-62729E965DF6}.Debug|Any CPU.Build.0 = Debug|Any CPU
		{F62BFF82-B1BE-437B-9328-62729E965DF6}.Release|Any CPU.ActiveCfg = Release|Any CPU
		{F62BFF82-B1BE-437B-9328-62729E965DF6}.Release|Any CPU.Build.0 = Release|Any CPU
	EndGlobalSection
	GlobalSection(SolutionProperties) = preSolution
		HideSolutionNode = FALSE
	EndGlobalSection
	GlobalSection(ExtensibilityGlobals) = postSolution
		SolutionGuid = {82E02BC5-82E9-48C4-A822-703F069C52D3}
	EndGlobalSection
EndGlobal
